
Microsoft Visual Studio Solution File, Format Version 12.00
# Visual Studio Version 17
VisualStudioVersion = 17.7.34031.279
MinimumVisualStudioVersion = 10.0.40219.1
Project("{9A19103F-16F7-4668-BE54-9A1E7A4F7556}") = "DataAccess", "DataAccess\DataAccess.csproj", "{0421BC49-650A-4F37-8B64-04AB60778EE9}"
EndProject
Project("{9A19103F-16F7-4668-BE54-9A1E7A4F7556}") = "Business", "Business\Business.csproj", "{1A6460BF-1055-4A96-8464-90D7C59168C9}"
EndProject
Project("{9A19103F-16F7-4668-BE54-9A1E7A4F7556}") = "Entities", "Entities\Entities.csproj", "{332D9032-B126-4449-932F-2F3412728CE5}"
EndProject
Project("{9A19103F-16F7-4668-BE54-9A1E7A4F7556}") = "ConsoleUI", "ConsoleUI\ConsoleUI.csproj", "{86B2A702-0738-47F5-9384-64ED6D4BAD60}"
EndProject
Project("{9A19103F-16F7-4668-BE54-9A1E7A4F7556}") = "Core", "Core\Core.csproj", "{D94EBCF7-5A12-4054-9FB7-5F453353ECCE}"
EndProject
Project("{FAE04EC0-301F-11D3-BF4B-00C04F79EFBC}") = "WebAPI", "WebAPI\WebAPI.csproj", "{CB1AD64C-043A-4D8E-AD71-F1AC55A65236}"
EndProject
Global
	GlobalSection(SolutionConfigurationPlatforms) = preSolution
		Debug|Any CPU = Debug|Any CPU
		Release|Any CPU = Release|Any CPU
	EndGlobalSection
	GlobalSection(ProjectConfigurationPlatforms) = postSolution
		{0421BC49-650A-4F37-8B64-04AB60778EE9}.Debug|Any CPU.ActiveCfg = Debug|Any CPU
		{0421BC49-650A-4F37-8B64-04AB60778EE9}.Debug|Any CPU.Build.0 = Debug|Any CPU
		{0421BC49-650A-4F37-8B64-04AB60778EE9}.Release|Any CPU.ActiveCfg = Release|Any CPU
		{0421BC49-650A-4F37-8B64-04AB60778EE9}.Release|Any CPU.Build.0 = Release|Any CPU
		{1A6460BF-1055-4A96-8464-90D7C59168C9}.Debug|Any CPU.ActiveCfg = Debug|Any CPU
		{1A6460BF-1055-4A96-8464-90D7C59168C9}.Debug|Any CPU.Build.0 = Debug|Any CPU
		{1A6460BF-1055-4A96-8464-90D7C59168C9}.Release|Any CPU.ActiveCfg = Release|Any CPU
		{1A6460BF-1055-4A96-8464-90D7C59168C9}.Release|Any CPU.Build.0 = Release|Any CPU
		{332D9032-B126-4449-932F-2F3412728CE5}.Debug|Any CPU.ActiveCfg = Debug|Any CPU
		{332D9032-B126-4449-932F-2F3412728CE5}.Debug|Any CPU.Build.0 = Debug|Any CPU
		{332D9032-B126-4449-932F-2F3412728CE5}.Release|Any CPU.ActiveCfg = Release|Any CPU
		{332D9032-B126-4449-932F-2F3412728CE5}.Release|Any CPU.Build.0 = Release|Any CPU
		{86B2A702-0738-47F5-9384-64ED6D4BAD60}.Debug|Any CPU.ActiveCfg = Debug|Any CPU
		{86B2A702-0738-47F5-9384-64ED6D4BAD60}.Debug|Any CPU.Build.0 = Debug|Any CPU
		{86B2A702-0738-47F5-9384-64ED6D4BAD60}.Release|Any CPU.ActiveCfg = Release|Any CPU
		{86B2A702-0738-47F5-9384-64ED6D4BAD60}.Release|Any CPU.Build.0 = Release|Any CPU
		{D94EBCF7-5A12-4054-9FB7-5F453353ECCE}.Debug|Any CPU.ActiveCfg = Debug|Any CPU
		{D94EBCF7-5A12-4054-9FB7-5F453353ECCE}.Debug|Any CPU.Build.0 = Debug|Any CPU
		{D94EBCF7-5A12-4054-9FB7-5F453353ECCE}.Release|Any CPU.ActiveCfg = Release|Any CPU
		{D94EBCF7-5A12-4054-9FB7-5F453353ECCE}.Release|Any CPU.Build.0 = Release|Any CPU
		{CB1AD64C-043A-4D8E-AD71-F1AC55A65236}.Debug|Any CPU.ActiveCfg = Debug|Any CPU
		{CB1AD64C-043A-4D8E-AD71-F1AC55A65236}.Debug|Any CPU.Build.0 = Debug|Any CPU
		{CB1AD64C-043A-4D8E-AD71-F1AC55A65236}.Release|Any CPU.ActiveCfg = Release|Any CPU
		{CB1AD64C-043A-4D8E-AD71-F1AC55A65236}.Release|Any CPU.Build.0 = Release|Any CPU
	EndGlobalSection
	GlobalSection(SolutionProperties) = preSolution
		HideSolutionNode = FALSE
	EndGlobalSection
	GlobalSection(ExtensibilityGlobals) = postSolution
		SolutionGuid = {EF6DB23F-16DE-4FFE-B354-544620E6DFD0}
	EndGlobalSection
EndGlobal
